
Microsoft Visual Studio Solution File, Format Version 12.00
# Visual Studio Version 17
VisualStudioVersion = 17.0.32014.148
MinimumVisualStudioVersion = 10.0.40219.1
Project("{2150E333-8FDC-42A3-9474-1A3956D46DE8}") = "cpp", "cpp", "{3AB73FBE-30C9-441B-BF3C-64567E6A2F3D}"
EndProject
Project("{2150E333-8FDC-42A3-9474-1A3956D46DE8}") = "csharp", "csharp", "{F21954DA-9E52-416E-B08B-EEEF99CAD5C2}"
EndProject
Project("{8BC9CEB8-8B4A-11D0-8D11-00A0C91BC942}") = "hello_world_cpp", "hello_world_cpp\hello_world_cpp.vcxproj", "{3C8F4B32-3B36-4C7F-8C29-A9998B7463FF}"
EndProject
Project("{9A19103F-16F7-4668-BE54-9A1E7A4F7556}") = "hello_world_cs", "hello_world_cs\hello_world_cs.csproj", "{FA239C90-2018-4ADB-9F19-DF07F670E8F9}"
EndProject
Project("{8BC9CEB8-8B4A-11D0-8D11-00A0C91BC942}") = "console_input_cpp", "console_input_cpp\console_input_cpp.vcxproj", "{32749A22-FC89-4D1D-BEE1-9057E1C5BCFF}"
EndProject
Project("{8BC9CEB8-8B4A-11D0-8D11-00A0C91BC942}") = "size_test_cpp", "size_test_cpp\size_test_cpp.vcxproj", "{91539648-8C26-48D5-995D-B8928F784A6B}"
EndProject
Project("{FAE04EC0-301F-11D3-BF4B-00C04F79EFBC}") = "network_status_checker_cs", "network_status_checker_cs\network_status_checker_cs.csproj", "{586B64E7-9E3C-4C8E-AB3C-6758AC300C6E}"
EndProject
Global
	GlobalSection(SolutionConfigurationPlatforms) = preSolution
		Debug|Any CPU = Debug|Any CPU
		Debug|x64 = Debug|x64
		Debug|x86 = Debug|x86
		Release|Any CPU = Release|Any CPU
		Release|x64 = Release|x64
		Release|x86 = Release|x86
	EndGlobalSection
	GlobalSection(ProjectConfigurationPlatforms) = postSolution
		{3C8F4B32-3B36-4C7F-8C29-A9998B7463FF}.Debug|Any CPU.ActiveCfg = Debug|x64
		{3C8F4B32-3B36-4C7F-8C29-A9998B7463FF}.Debug|Any CPU.Build.0 = Debug|x64
		{3C8F4B32-3B36-4C7F-8C29-A9998B7463FF}.Debug|x64.ActiveCfg = Debug|x64
		{3C8F4B32-3B36-4C7F-8C29-A9998B7463FF}.Debug|x64.Build.0 = Debug|x64
		{3C8F4B32-3B36-4C7F-8C29-A9998B7463FF}.Debug|x86.ActiveCfg = Debug|Win32
		{3C8F4B32-3B36-4C7F-8C29-A9998B7463FF}.Debug|x86.Build.0 = Debug|Win32
		{3C8F4B32-3B36-4C7F-8C29-A9998B7463FF}.Release|Any CPU.ActiveCfg = Release|x64
		{3C8F4B32-3B36-4C7F-8C29-A9998B7463FF}.Release|Any CPU.Build.0 = Release|x64
		{3C8F4B32-3B36-4C7F-8C29-A9998B7463FF}.Release|x64.ActiveCfg = Release|x64
		{3C8F4B32-3B36-4C7F-8C29-A9998B7463FF}.Release|x64.Build.0 = Release|x64
		{3C8F4B32-3B36-4C7F-8C29-A9998B7463FF}.Release|x86.ActiveCfg = Release|Win32
		{3C8F4B32-3B36-4C7F-8C29-A9998B7463FF}.Release|x86.Build.0 = Release|Win32
		{FA239C90-2018-4ADB-9F19-DF07F670E8F9}.Debug|Any CPU.ActiveCfg = Debug|Any CPU
		{FA239C90-2018-4ADB-9F19-DF07F670E8F9}.Debug|Any CPU.Build.0 = Debug|Any CPU
		{FA239C90-2018-4ADB-9F19-DF07F670E8F9}.Debug|x64.ActiveCfg = Debug|Any CPU
		{FA239C90-2018-4ADB-9F19-DF07F670E8F9}.Debug|x64.Build.0 = Debug|Any CPU
		{FA239C90-2018-4ADB-9F19-DF07F670E8F9}.Debug|x86.ActiveCfg = Debug|Any CPU
		{FA239C90-2018-4ADB-9F19-DF07F670E8F9}.Debug|x86.Build.0 = Debug|Any CPU
		{FA239C90-2018-4ADB-9F19-DF07F670E8F9}.Release|Any CPU.ActiveCfg = Release|Any CPU
		{FA239C90-2018-4ADB-9F19-DF07F670E8F9}.Release|Any CPU.Build.0 = Release|Any CPU
		{FA239C90-2018-4ADB-9F19-DF07F670E8F9}.Release|x64.ActiveCfg = Release|Any CPU
		{FA239C90-2018-4ADB-9F19-DF07F670E8F9}.Release|x64.Build.0 = Release|Any CPU
		{FA239C90-2018-4ADB-9F19-DF07F670E8F9}.Release|x86.ActiveCfg = Release|Any CPU
		{FA239C90-2018-4ADB-9F19-DF07F670E8F9}.Release|x86.Build.0 = Release|Any CPU
		{32749A22-FC89-4D1D-BEE1-9057E1C5BCFF}.Debug|Any CPU.ActiveCfg = Debug|x64
		{32749A22-FC89-4D1D-BEE1-9057E1C5BCFF}.Debug|Any CPU.Build.0 = Debug|x64
		{32749A22-FC89-4D1D-BEE1-9057E1C5BCFF}.Debug|x64.ActiveCfg = Debug|x64
		{32749A22-FC89-4D1D-BEE1-9057E1C5BCFF}.Debug|x64.Build.0 = Debug|x64
		{32749A22-FC89-4D1D-BEE1-9057E1C5BCFF}.Debug|x86.ActiveCfg = Debug|Win32
		{32749A22-FC89-4D1D-BEE1-9057E1C5BCFF}.Debug|x86.Build.0 = Debug|Win32
		{32749A22-FC89-4D1D-BEE1-9057E1C5BCFF}.Release|Any CPU.ActiveCfg = Release|x64
		{32749A22-FC89-4D1D-BEE1-9057E1C5BCFF}.Release|Any CPU.Build.0 = Release|x64
		{32749A22-FC89-4D1D-BEE1-9057E1C5BCFF}.Release|x64.ActiveCfg = Release|x64
		{32749A22-FC89-4D1D-BEE1-9057E1C5BCFF}.Release|x64.Build.0 = Release|x64
		{32749A22-FC89-4D1D-BEE1-9057E1C5BCFF}.Release|x86.ActiveCfg = Release|Win32
		{32749A22-FC89-4D1D-BEE1-9057E1C5BCFF}.Release|x86.Build.0 = Release|Win32
		{91539648-8C26-48D5-995D-B8928F784A6B}.Debug|Any CPU.ActiveCfg = Debug|x64
		{91539648-8C26-48D5-995D-B8928F784A6B}.Debug|Any CPU.Build.0 = Debug|x64
		{91539648-8C26-48D5-995D-B8928F784A6B}.Debug|x64.ActiveCfg = Debug|x64
		{91539648-8C26-48D5-995D-B8928F784A6B}.Debug|x64.Build.0 = Debug|x64
		{91539648-8C26-48D5-995D-B8928F784A6B}.Debug|x86.ActiveCfg = Debug|Win32
		{91539648-8C26-48D5-995D-B8928F784A6B}.Debug|x86.Build.0 = Debug|Win32
		{91539648-8C26-48D5-995D-B8928F784A6B}.Release|Any CPU.ActiveCfg = Release|x64
		{91539648-8C26-48D5-995D-B8928F784A6B}.Release|Any CPU.Build.0 = Release|x64
		{91539648-8C26-48D5-995D-B8928F784A6B}.Release|x64.ActiveCfg = Release|x64
		{91539648-8C26-48D5-995D-B8928F784A6B}.Release|x64.Build.0 = Release|x64
		{91539648-8C26-48D5-995D-B8928F784A6B}.Release|x86.ActiveCfg = Release|Win32
		{91539648-8C26-48D5-995D-B8928F784A6B}.Release|x86.Build.0 = Release|Win32
		{586B64E7-9E3C-4C8E-AB3C-6758AC300C6E}.Debug|Any CPU.ActiveCfg = Debug|Any CPU
		{586B64E7-9E3C-4C8E-AB3C-6758AC300C6E}.Debug|Any CPU.Build.0 = Debug|Any CPU
		{586B64E7-9E3C-4C8E-AB3C-6758AC300C6E}.Debug|x64.ActiveCfg = Debug|Any CPU
		{586B64E7-9E3C-4C8E-AB3C-6758AC300C6E}.Debug|x64.Build.0 = Debug|Any CPU
		{586B64E7-9E3C-4C8E-AB3C-6758AC300C6E}.Debug|x86.ActiveCfg = Debug|Any CPU
		{586B64E7-9E3C-4C8E-AB3C-6758AC300C6E}.Debug|x86.Build.0 = Debug|Any CPU
		{586B64E7-9E3C-4C8E-AB3C-6758AC300C6E}.Release|Any CPU.ActiveCfg = Release|Any CPU
		{586B64E7-9E3C-4C8E-AB3C-6758AC300C6E}.Release|Any CPU.Build.0 = Release|Any CPU
		{586B64E7-9E3C-4C8E-AB3C-6758AC300C6E}.Release|x64.ActiveCfg = Release|Any CPU
		{586B64E7-9E3C-4C8E-AB3C-6758AC300C6E}.Release|x64.Build.0 = Release|Any CPU
		{586B64E7-9E3C-4C8E-AB3C-6758AC300C6E}.Release|x86.ActiveCfg = Release|Any CPU
		{586B64E7-9E3C-4C8E-AB3C-6758AC300C6E}.Release|x86.Build.0 = Release|Any CPU
	EndGlobalSection
	GlobalSection(SolutionProperties) = preSolution
		HideSolutionNode = FALSE
	EndGlobalSection
	GlobalSection(NestedProjects) = preSolution
		{3C8F4B32-3B36-4C7F-8C29-A9998B7463FF} = {3AB73FBE-30C9-441B-BF3C-64567E6A2F3D}
		{FA239C90-2018-4ADB-9F19-DF07F670E8F9} = {F21954DA-9E52-416E-B08B-EEEF99CAD5C2}
		{32749A22-FC89-4D1D-BEE1-9057E1C5BCFF} = {3AB73FBE-30C9-441B-BF3C-64567E6A2F3D}
		{91539648-8C26-48D5-995D-B8928F784A6B} = {3AB73FBE-30C9-441B-BF3C-64567E6A2F3D}
		{586B64E7-9E3C-4C8E-AB3C-6758AC300C6E} = {F21954DA-9E52-416E-B08B-EEEF99CAD5C2}
	EndGlobalSection
	GlobalSection(ExtensibilityGlobals) = postSolution
		SolutionGuid = {9D84A934-F7FA-46CB-BB8D-417A5F02BE2C}
	EndGlobalSection
EndGlobal
